PODS:
  - Flutter (1.0.0)
  - flutter_better_camera (0.6.0):
    - Flutter
  - wakelock (0.0.1):
    - Flutter

DEPENDENCIES:
  - Flutter (from `Flutter`)
  - flutter_better_camera (from `.symlinks/plugins/flutter_better_camera/ios`)
  - wakelock (from `.symlinks/plugins/wakelock/ios`)

EXTERNAL SOURCES:
  Flutter:
    :path: Flutter
  flutter_better_camera:
    :path: ".symlinks/plugins/flutter_better_camera/ios"
  wakelock:
    :path: ".symlinks/plugins/wakelock/ios"

SPEC CHECKSUMS:
  Flutter: 50d75fe2f02b26cc09d224853bb45737f8b3214a
  flutter_better_camera: f0dcb72bf079742d017c71b67d42324d9987fa30
  wakelock: d0fc7c864128eac40eba1617cb5264d9c940b46f

PODFILE CHECKSUM: ef19549a9bc3046e7bb7d2fab4d021637c0c58a3

COCOAPODS: 1.11.3
